
Microsoft Visual Studio Solution File, Format Version 12.00
# Visual Studio Version 17
VisualStudioVersion = 17.2.32630.192
MinimumVisualStudioVersion = 10.0.40219.1
Project("{FAE04EC0-301F-11D3-BF4B-00C04F79EFBC}") = "Vivero", "Vivero\Vivero.csproj", "{BE8B2DD1-FFBD-4CEA-A604-91239E6622BE}"
EndProject
Global
	GlobalSection(SolutionConfigurationPlatforms) = preSolution
		Debug|Any CPU = Debug|Any CPU
		Release|Any CPU = Release|Any CPU
	EndGlobalSection
	GlobalSection(ProjectConfigurationPlatforms) = postSolution
		{BE8B2DD1-FFBD-4CEA-A604-91239E6622BE}.Debug|Any CPU.ActiveCfg = Debug|Any CPU
		{BE8B2DD1-FFBD-4CEA-A604-91239E6622BE}.Debug|Any CPU.Build.0 = Debug|Any CPU
		{BE8B2DD1-FFBD-4CEA-A604-91239E6622BE}.Release|Any CPU.ActiveCfg = Release|Any CPU
		{BE8B2DD1-FFBD-4CEA-A604-91239E6622BE}.Release|Any CPU.Build.0 = Release|Any CPU
	EndGlobalSection
	GlobalSection(SolutionProperties) = preSolution
		HideSolutionNode = FALSE
	EndGlobalSection
	GlobalSection(ExtensibilityGlobals) = postSolution
		SolutionGuid = {C46D01AB-8209-431A-9497-1D3BA0D6709C}
	EndGlobalSection
EndGlobal
